
Microsoft Visual Studio Solution File, Format Version 12.00
# Visual Studio Version 16
VisualStudioVersion = 16.0.30717.126
MinimumVisualStudioVersion = 10.0.40219.1
Project("{2150E333-8FDC-42A3-9474-1A3956D46DE8}") = "Services", "Services", "{49F137CF-2F99-48C2-9A86-C72A57EF825D}"
EndProject
Project("{2150E333-8FDC-42A3-9474-1A3956D46DE8}") = "Catalog", "Catalog", "{C2639283-DC45-442D-B851-3757D9F02179}"
EndProject
Project("{9A19103F-16F7-4668-BE54-9A1E7A4F7556}") = "Catalog.API", "Services\Catalog\Catalog.API\Catalog.API.csproj", "{8FDE5AC2-5055-4F44-8800-28DA73AB3BA3}"
EndProject
Project("{E53339B2-1760-4266-BCC7-CA923CBCF16C}") = "docker-compose", "docker-compose.dcproj", "{80F30641-9CB1-4FB7-ADE8-FD35622AA499}"
EndProject
Project("{2150E333-8FDC-42A3-9474-1A3956D46DE8}") = "Basket", "Basket", "{3E5EB869-3F8F-49E1-8A25-D4ED808E1351}"
EndProject
Project("{9A19103F-16F7-4668-BE54-9A1E7A4F7556}") = "Basket.API", "Services\Basket\Basket.API\Basket.API.csproj", "{0323938B-D13B-4B8A-AF23-34F4DA470DD1}"
EndProject
Project("{2150E333-8FDC-42A3-9474-1A3956D46DE8}") = "Discount", "Discount", "{1CF843D8-AB32-4DFB-B63E-6300FB420A5B}"
EndProject
Project("{9A19103F-16F7-4668-BE54-9A1E7A4F7556}") = "Discount.API", "Services\Discount\Discount.API\Discount.API.csproj", "{4B40837F-B433-460D-86FA-2B93593FC539}"
EndProject
Project("{9A19103F-16F7-4668-BE54-9A1E7A4F7556}") = "Discount.Grps", "Services\Discount\Discount.Grps\Discount.Grps.csproj", "{E44DAA01-8EB5-45CF-B9DB-20AFA7AB3469}"
EndProject
Project("{2150E333-8FDC-42A3-9474-1A3956D46DE8}") = "Ordering", "Ordering", "{C99D4DA6-5A44-4C68-9E36-504E628A5511}"
EndProject
Project("{9A19103F-16F7-4668-BE54-9A1E7A4F7556}") = "Ordering.API", "Services\Ordering\Ordering.API\Ordering.API.csproj", "{7A7AA13C-A68B-4C25-999F-FE3DEFE3633F}"
EndProject
Project("{FAE04EC0-301F-11D3-BF4B-00C04F79EFBC}") = "Ordering.Domain", "Services\Ordering\Ordering.Domain\Ordering.Domain.csproj", "{1F20033A-8C8F-4509-928E-CE674C4D7454}"
EndProject
Project("{FAE04EC0-301F-11D3-BF4B-00C04F79EFBC}") = "Ordering.Application", "Services\Ordering\Ordering.Application\Ordering.Application.csproj", "{4F114003-ACAC-4E91-B3B0-90CE5BB38430}"
EndProject
Project("{FAE04EC0-301F-11D3-BF4B-00C04F79EFBC}") = "Ordering.Infrastructure", "Services\Ordering\Ordering.Infrastructure\Ordering.Infrastructure.csproj", "{6BF25BA9-7BB2-43B8-95FB-889F0E438FE6}"
EndProject
Global
	GlobalSection(SolutionConfigurationPlatforms) = preSolution
		Debug|Any CPU = Debug|Any CPU
		Release|Any CPU = Release|Any CPU
	EndGlobalSection
	GlobalSection(ProjectConfigurationPlatforms) = postSolution
		{8FDE5AC2-5055-4F44-8800-28DA73AB3BA3}.Debug|Any CPU.ActiveCfg = Debug|Any CPU
		{8FDE5AC2-5055-4F44-8800-28DA73AB3BA3}.Debug|Any CPU.Build.0 = Debug|Any CPU
		{8FDE5AC2-5055-4F44-8800-28DA73AB3BA3}.Release|Any CPU.ActiveCfg = Release|Any CPU
		{8FDE5AC2-5055-4F44-8800-28DA73AB3BA3}.Release|Any CPU.Build.0 = Release|Any CPU
		{80F30641-9CB1-4FB7-ADE8-FD35622AA499}.Debug|Any CPU.ActiveCfg = Debug|Any CPU
		{80F30641-9CB1-4FB7-ADE8-FD35622AA499}.Debug|Any CPU.Build.0 = Debug|Any CPU
		{80F30641-9CB1-4FB7-ADE8-FD35622AA499}.Release|Any CPU.ActiveCfg = Release|Any CPU
		{80F30641-9CB1-4FB7-ADE8-FD35622AA499}.Release|Any CPU.Build.0 = Release|Any CPU
		{0323938B-D13B-4B8A-AF23-34F4DA470DD1}.Debug|Any CPU.ActiveCfg = Debug|Any CPU
		{0323938B-D13B-4B8A-AF23-34F4DA470DD1}.Debug|Any CPU.Build.0 = Debug|Any CPU
		{0323938B-D13B-4B8A-AF23-34F4DA470DD1}.Release|Any CPU.ActiveCfg = Release|Any CPU
		{0323938B-D13B-4B8A-AF23-34F4DA470DD1}.Release|Any CPU.Build.0 = Release|Any CPU
		{4B40837F-B433-460D-86FA-2B93593FC539}.Debug|Any CPU.ActiveCfg = Debug|Any CPU
		{4B40837F-B433-460D-86FA-2B93593FC539}.Debug|Any CPU.Build.0 = Debug|Any CPU
		{4B40837F-B433-460D-86FA-2B93593FC539}.Release|Any CPU.ActiveCfg = Release|Any CPU
		{4B40837F-B433-460D-86FA-2B93593FC539}.Release|Any CPU.Build.0 = Release|Any CPU
		{E44DAA01-8EB5-45CF-B9DB-20AFA7AB3469}.Debug|Any CPU.ActiveCfg = Debug|Any CPU
		{E44DAA01-8EB5-45CF-B9DB-20AFA7AB3469}.Debug|Any CPU.Build.0 = Debug|Any CPU
		{E44DAA01-8EB5-45CF-B9DB-20AFA7AB3469}.Release|Any CPU.ActiveCfg = Release|Any CPU
		{E44DAA01-8EB5-45CF-B9DB-20AFA7AB3469}.Release|Any CPU.Build.0 = Release|Any CPU
		{7A7AA13C-A68B-4C25-999F-FE3DEFE3633F}.Debug|Any CPU.ActiveCfg = Debug|Any CPU
		{7A7AA13C-A68B-4C25-999F-FE3DEFE3633F}.Debug|Any CPU.Build.0 = Debug|Any CPU
		{7A7AA13C-A68B-4C25-999F-FE3DEFE3633F}.Release|Any CPU.ActiveCfg = Release|Any CPU
		{7A7AA13C-A68B-4C25-999F-FE3DEFE3633F}.Release|Any CPU.Build.0 = Release|Any CPU
		{1F20033A-8C8F-4509-928E-CE674C4D7454}.Debug|Any CPU.ActiveCfg = Debug|Any CPU
		{1F20033A-8C8F-4509-928E-CE674C4D7454}.Debug|Any CPU.Build.0 = Debug|Any CPU
		{1F20033A-8C8F-4509-928E-CE674C4D7454}.Release|Any CPU.ActiveCfg = Release|Any CPU
		{1F20033A-8C8F-4509-928E-CE674C4D7454}.Release|Any CPU.Build.0 = Release|Any CPU
		{4F114003-ACAC-4E91-B3B0-90CE5BB38430}.Debug|Any CPU.ActiveCfg = Debug|Any CPU
		{4F114003-ACAC-4E91-B3B0-90CE5BB38430}.Debug|Any CPU.Build.0 = Debug|Any CPU
		{4F114003-ACAC-4E91-B3B0-90CE5BB38430}.Release|Any CPU.ActiveCfg = Release|Any CPU
		{4F114003-ACAC-4E91-B3B0-90CE5BB38430}.Release|Any CPU.Build.0 = Release|Any CPU
		{6BF25BA9-7BB2-43B8-95FB-889F0E438FE6}.Debug|Any CPU.ActiveCfg = Debug|Any CPU
		{6BF25BA9-7BB2-43B8-95FB-889F0E438FE6}.Debug|Any CPU.Build.0 = Debug|Any CPU
		{6BF25BA9-7BB2-43B8-95FB-889F0E438FE6}.Release|Any CPU.ActiveCfg = Release|Any CPU
		{6BF25BA9-7BB2-43B8-95FB-889F0E438FE6}.Release|Any CPU.Build.0 = Release|Any CPU
	EndGlobalSection
	GlobalSection(SolutionProperties) = preSolution
		HideSolutionNode = FALSE
	EndGlobalSection
	GlobalSection(NestedProjects) = preSolution
		{C2639283-DC45-442D-B851-3757D9F02179} = {49F137CF-2F99-48C2-9A86-C72A57EF825D}
		{8FDE5AC2-5055-4F44-8800-28DA73AB3BA3} = {C2639283-DC45-442D-B851-3757D9F02179}
		{3E5EB869-3F8F-49E1-8A25-D4ED808E1351} = {49F137CF-2F99-48C2-9A86-C72A57EF825D}
		{0323938B-D13B-4B8A-AF23-34F4DA470DD1} = {3E5EB869-3F8F-49E1-8A25-D4ED808E1351}
		{1CF843D8-AB32-4DFB-B63E-6300FB420A5B} = {49F137CF-2F99-48C2-9A86-C72A57EF825D}
		{4B40837F-B433-460D-86FA-2B93593FC539} = {1CF843D8-AB32-4DFB-B63E-6300FB420A5B}
		{E44DAA01-8EB5-45CF-B9DB-20AFA7AB3469} = {1CF843D8-AB32-4DFB-B63E-6300FB420A5B}
		{C99D4DA6-5A44-4C68-9E36-504E628A5511} = {49F137CF-2F99-48C2-9A86-C72A57EF825D}
		{7A7AA13C-A68B-4C25-999F-FE3DEFE3633F} = {C99D4DA6-5A44-4C68-9E36-504E628A5511}
		{1F20033A-8C8F-4509-928E-CE674C4D7454} = {C99D4DA6-5A44-4C68-9E36-504E628A5511}
		{4F114003-ACAC-4E91-B3B0-90CE5BB38430} = {C99D4DA6-5A44-4C68-9E36-504E628A5511}
		{6BF25BA9-7BB2-43B8-95FB-889F0E438FE6} = {C99D4DA6-5A44-4C68-9E36-504E628A5511}
	EndGlobalSection
	GlobalSection(ExtensibilityGlobals) = postSolution
		SolutionGuid = {A813A186-D438-4F3E-8DBF-B3B285F10856}
	EndGlobalSection
EndGlobal
